// !$*UTF8*$!
{
	archiveVersion = 1;
	classes = {
	};
	objectVersion = 77;
	objects = {

/* Begin PBXBuildFile section */
		DE627AB92E3BCA3400421C85 /* SwiftMath in Frameworks */ = {isa = PBXBuildFile; productRef = DE627AB82E3BCA3400421C85 /* SwiftMath */; };
		DE627ABF2E3BCB2600421C85 /* SwiftMath in Frameworks */ = {isa = PBXBuildFile; productRef = DE627ABE2E3BCB2600421C85 /* SwiftMath */; };
		DE627AC22E3BCBE500421C85 /* SwiftMath in Frameworks */ = {isa = PBXBuildFile; productRef = DE627AC12E3BCBE500421C85 /* SwiftMath */; };
		DE627AC82E3BEFD100421C85 /* SwiftMath in Frameworks */ = {isa = PBXBuildFile; productRef = DE627AC72E3BEFD100421C85 /* SwiftMath */; };
		DE627ACE2E3BF2AF00421C85 /* SwiftMath in Frameworks */ = {isa = PBXBuildFile; productRef = DE627ACD2E3BF2AF00421C85 /* SwiftMath */; };
/* End PBXBuildFile section */

/* Begin PBXContainerItemProxy section */
		DE393CAF2E378667003749BF /* PBXContainerItemProxy */ = {
			isa = PBXContainerItemProxy;
			containerPortal = DE393C962E378666003749BF /* Project object */;
			proxyType = 1;
			remoteGlobalIDString = DE393C9D2E378666003749BF;
			remoteInfo = SwiftMathTest;
		};
		DE393CB92E378667003749BF /* PBXContainerItemProxy */ = {
			isa = PBXContainerItemProxy;
			containerPortal = DE393C962E378666003749BF /* Project object */;
			proxyType = 1;
			remoteGlobalIDString = DE393C9D2E378666003749BF;
			remoteInfo = SwiftMathTest;
		};
/* End PBXContainerItemProxy section */

/* Begin PBXFileReference section */
		DE393C9E2E378666003749BF /* SwiftMathTest.app */ = {isa = PBXFileReference; explicitFileType = wrapper.application; includeInIndex = 0; path = SwiftMathTest.app; sourceTree = BUILT_PRODUCTS_DIR; };
		DE393CAE2E378667003749BF /* SwiftMathTestTests.xctest */ = {isa = PBXFileReference; explicitFileType = wrapper.cfbundle; includeInIndex = 0; path = SwiftMathTestTests.xctest; sourceTree = BUILT_PRODUCTS_DIR; };
		DE393CB82E378667003749BF /* SwiftMathTestUITests.xctest */ = {isa = PBXFileReference; explicitFileType = wrapper.cfbundle; includeInIndex = 0; path = SwiftMathTestUITests.xctest; sourceTree = BUILT_PRODUCTS_DIR; };
/* End PBXFileReference section */

/* Begin PBXFileSystemSynchronizedRootGroup section */
		DE393CA02E378666003749BF /* SwiftMathTest */ = {
			isa = PBXFileSystemSynchronizedRootGroup;
			path = SwiftMathTest;
			sourceTree = "<group>";
		};
		DE393CB12E378667003749BF /* SwiftMathTestTests */ = {
			isa = PBXFileSystemSynchronizedRootGroup;
			path = SwiftMathTestTests;
			sourceTree = "<group>";
		};
		DE393CBB2E378667003749BF /* SwiftMathTestUITests */ = {
			isa = PBXFileSystemSynchronizedRootGroup;
			path = SwiftMathTestUITests;
			sourceTree = "<group>";
		};
/* End PBXFileSystemSynchronizedRootGroup section */

/* Begin PBXFrameworksBuildPhase section */
		DE393C9B2E378666003749BF /* Frameworks */ = {
			isa = PBXFrameworksBuildPhase;
			buildActionMask = 2147483647;
			files = (
				DE627AC82E3BEFD100421C85 /* SwiftMath in Frameworks */,
				DE627ABF2E3BCB2600421C85 /* SwiftMath in Frameworks */,
				DE627ACE2E3BF2AF00421C85 /* SwiftMath in Frameworks */,
				DE627AB92E3BCA3400421C85 /* SwiftMath in Frameworks */,
				DE627AC22E3BCBE500421C85 /* SwiftMath in Frameworks */,
			);
			runOnlyForDeploymentPostprocessing = 0;
		};
		DE393CAB2E378667003749BF /* Frameworks */ = {
			isa = PBXFrameworksBuildPhase;
			buildActionMask = 2147483647;
			files = (
			);
			runOnlyForDeploymentPostprocessing = 0;
		};
		DE393CB52E378667003749BF /* Frameworks */ = {
			isa = PBXFrameworksBuildPhase;
			buildActionMask = 2147483647;
			files = (
			);
			runOnlyForDeploymentPostprocessing = 0;
		};
/* End PBXFrameworksBuildPhase section */

/* Begin PBXGroup section */
		DE393C952E378666003749BF = {
			isa = PBXGroup;
			children = (
				DE393CA02E378666003749BF /* SwiftMathTest */,
				DE393CB12E378667003749BF /* SwiftMathTestTests */,
				DE393CBB2E378667003749BF /* SwiftMathTestUITests */,
				DE393C9F2E378666003749BF /* Products */,
			);
			sourceTree = "<group>";
		};
		DE393C9F2E378666003749BF /* Products */ = {
			isa = PBXGroup;
			children = (
				DE393C9E2E378666003749BF /* SwiftMathTest.app */,
				DE393CAE2E378667003749BF /* SwiftMathTestTests.xctest */,
				DE393CB82E378667003749BF /* SwiftMathTestUITests.xctest */,
			);
			name = Products;
			sourceTree = "<group>";
		};
/* End PBXGroup section */

/* Begin PBXNativeTarget section */
		DE393C9D2E378666003749BF /* SwiftMathTest */ = {
			isa = PBXNativeTarget;
			buildConfigurationList = DE393CC22E378667003749BF /* Build configuration list for PBXNativeTarget "SwiftMathTest" */;
			buildPhases = (
				DE393C9A2E378666003749BF /* Sources */,
				DE393C9B2E378666003749BF /* Frameworks */,
				DE393C9C2E378666003749BF /* Resources */,
			);
			buildRules = (
			);
			dependencies = (
			);
			fileSystemSynchronizedGroups = (
				DE393CA02E378666003749BF /* SwiftMathTest */,
			);
			name = SwiftMathTest;
			packageProductDependencies = (
				DE627AB82E3BCA3400421C85 /* SwiftMath */,
				DE627ABE2E3BCB2600421C85 /* SwiftMath */,
				DE627AC12E3BCBE500421C85 /* SwiftMath */,
				DE627AC72E3BEFD100421C85 /* SwiftMath */,
				DE627ACD2E3BF2AF00421C85 /* SwiftMath */,
			);
			productName = SwiftMathTest;
			productReference = DE393C9E2E378666003749BF /* SwiftMathTest.app */;
			productType = "com.apple.product-type.application";
		};
		DE393CAD2E378667003749BF /* SwiftMathTestTests */ = {
			isa = PBXNativeTarget;
			buildConfigurationList = DE393CC52E378667003749BF /* Build configuration list for PBXNativeTarget "SwiftMathTestTests" */;
			buildPhases = (
				DE393CAA2E378667003749BF /* Sources */,
				DE393CAB2E378667003749BF /* Frameworks */,
				DE393CAC2E378667003749BF /* Resources */,
			);
			buildRules = (
			);
			dependencies = (
				DE393CB02E378667003749BF /* PBXTargetDependency */,
			);
			fileSystemSynchronizedGroups = (
				DE393CB12E378667003749BF /* SwiftMathTestTests */,
			);
			name = SwiftMathTestTests;
			packageProductDependencies = (
			);
			productName = SwiftMathTestTests;
			productReference = DE393CAE2E378667003749BF /* SwiftMathTestTests.xctest */;
			productType = "com.apple.product-type.bundle.unit-test";
		};
		DE393CB72E378667003749BF /* SwiftMathTestUITests */ = {
			isa = PBXNativeTarget;
			buildConfigurationList = DE393CC82E378667003749BF /* Build configuration list for PBXNativeTarget "SwiftMathTestUITests" */;
			buildPhases = (
				DE393CB42E378667003749BF /* Sources */,
				DE393CB52E378667003749BF /* Frameworks */,
				DE393CB62E378667003749BF /* Resources */,
			);
			buildRules = (
			);
			dependencies = (
				DE393CBA2E378667003749BF /* PBXTargetDependency */,
			);
			fileSystemSynchronizedGroups = (
				DE393CBB2E378667003749BF /* SwiftMathTestUITests */,
			);
			name = SwiftMathTestUITests;
			packageProductDependencies = (
			);
			productName = SwiftMathTestUITests;
			productReference = DE393CB82E378667003749BF /* SwiftMathTestUITests.xctest */;
			productType = "com.apple.product-type.bundle.ui-testing";
		};
/* End PBXNativeTarget section */

/* Begin PBXProject section */
		DE393C962E378666003749BF /* Project object */ = {
			isa = PBXProject;
			attributes = {
				BuildIndependentTargetsInParallel = 1;
				LastSwiftUpdateCheck = 1600;
				LastUpgradeCheck = 1600;
				TargetAttributes = {
					DE393C9D2E378666003749BF = {
						CreatedOnToolsVersion = 16.0;
					};
					DE393CAD2E378667003749BF = {
						CreatedOnToolsVersion = 16.0;
						TestTargetID = DE393C9D2E378666003749BF;
					};
					DE393CB72E378667003749BF = {
						CreatedOnToolsVersion = 16.0;
						TestTargetID = DE393C9D2E378666003749BF;
					};
				};
			};
			buildConfigurationList = DE393C992E378666003749BF /* Build configuration list for PBXProject "SwiftMathTest" */;
			developmentRegion = en;
			hasScannedForEncodings = 0;
			knownRegions = (
				en,
				Base,
			);
			mainGroup = DE393C952E378666003749BF;
			minimizedProjectReferenceProxies = 1;
			packageReferences = (
				DE627ACC2E3BF2AF00421C85 /* XCRemoteSwiftPackageReference "SwiftMath" */,
			);
			preferredProjectObjectVersion = 77;
			productRefGroup = DE393C9F2E378666003749BF /* Products */;
			projectDirPath = "";
			projectRoot = "";
			targets = (
				DE393C9D2E378666003749BF /* SwiftMathTest */,
				DE393CAD2E378667003749BF /* SwiftMathTestTests */,
				DE393CB72E378667003749BF /* SwiftMathTestUITests */,
			);
		};
/* End PBXProject section */

/* Begin PBXResourcesBuildPhase section */
		DE393C9C2E378666003749BF /* Resources */ = {
			isa = PBXResourcesBuildPhase;
			buildActionMask = 2147483647;
			files = (
			);
			runOnlyForDeploymentPostprocessing = 0;
		};
		DE393CAC2E378667003749BF /* Resources */ = {
			isa = PBXResourcesBuildPhase;
			buildActionMask = 2147483647;
			files = (
			);
			runOnlyForDeploymentPostprocessing = 0;
		};
		DE393CB62E378667003749BF /* Resources */ = {
			isa = PBXResourcesBuildPhase;
			buildActionMask = 2147483647;
			files = (
			);
			runOnlyForDeploymentPostprocessing = 0;
		};
/* End PBXResourcesBuildPhase section */

/* Begin PBXSourcesBuildPhase section */
		DE393C9A2E378666003749BF /* Sources */ = {
			isa = PBXSourcesBuildPhase;
			buildActionMask = 2147483647;
			files = (
			);
			runOnlyForDeploymentPostprocessing = 0;
		};
		DE393CAA2E378667003749BF /* Sources */ = {
			isa = PBXSourcesBuildPhase;
			buildActionMask = 2147483647;
			files = (
			);
			runOnlyForDeploymentPostprocessing = 0;
		};
		DE393CB42E378667003749BF /* Sources */ = {
			isa = PBXSourcesBuildPhase;
			buildActionMask = 2147483647;
			files = (
			);
			runOnlyForDeploymentPostprocessing = 0;
		};
/* End PBXSourcesBuildPhase section */

/* Begin PBXTargetDependency section */
		DE393CB02E378667003749BF /* PBXTargetDependency */ = {
			isa = PBXTargetDependency;
			target = DE393C9D2E378666003749BF /* SwiftMathTest */;
			targetProxy = DE393CAF2E378667003749BF /* PBXContainerItemProxy */;
		};
		DE393CBA2E378667003749BF /* PBXTargetDependency */ = {
			isa = PBXTargetDependency;
			target = DE393C9D2E378666003749BF /* SwiftMathTest */;
			targetProxy = DE393CB92E378667003749BF /* PBXContainerItemProxy */;
		};
/* End PBXTargetDependency section */

/* Begin XCBuildConfiguration section */
		DE393CC02E378667003749BF /* Debug */ = {
			isa = XCBuildConfiguration;
			buildSettings = {
				ALWAYS_SEARCH_USER_PATHS = NO;
				ASSETCATALOG_COMPILER_GENERATE_SWIFT_ASSET_SYMBOL_EXTENSIONS = YES;
				CLANG_ANALYZER_NONNULL = YES;
				CLANG_ANALYZER_NUMBER_OBJECT_CONVERSION = YES_AGGRESSIVE;
				CLANG_CXX_LANGUAGE_STANDARD = "gnu++20";
				CLANG_ENABLE_MODULES = YES;
				CLANG_ENABLE_OBJC_ARC = YES;
				CLANG_ENABLE_OBJC_WEAK = YES;
				CLANG_WARN_BLOCK_CAPTURE_AUTORELEASING = YES;
				CLANG_WARN_BOOL_CONVERSION = YES;
				CLANG_WARN_COMMA = YES;
				CLANG_WARN_CONSTANT_CONVERSION = YES;
				CLANG_WARN_DEPRECATED_OBJC_IMPLEMENTATIONS = YES;
				CLANG_WARN_DIRECT_OBJC_ISA_USAGE = YES_ERROR;
				CLANG_WARN_DOCUMENTATION_COMMENTS = YES;
				CLANG_WARN_EMPTY_BODY = YES;
				CLANG_WARN_ENUM_CONVERSION = YES;
				CLANG_WARN_INFINITE_RECURSION = YES;
				CLANG_WARN_INT_CONVERSION = YES;
				CLANG_WARN_NON_LITERAL_NULL_CONVERSION = YES;
				CLANG_WARN_OBJC_IMPLICIT_RETAIN_SELF = YES;
				CLANG_WARN_OBJC_LITERAL_CONVERSION = YES;
				CLANG_WARN_OBJC_ROOT_CLASS = YES_ERROR;
				CLANG_WARN_QUOTED_INCLUDE_IN_FRAMEWORK_HEADER = YES;
				CLANG_WARN_RANGE_LOOP_ANALYSIS = YES;
				CLANG_WARN_STRICT_PROTOTYPES = YES;
				CLANG_WARN_SUSPICIOUS_MOVE = YES;
				CLANG_WARN_UNGUARDED_AVAILABILITY = YES_AGGRESSIVE;
				CLANG_WARN_UNREACHABLE_CODE = YES;
				CLANG_WARN__DUPLICATE_METHOD_MATCH = YES;
				COPY_PHASE_STRIP = NO;
				DEBUG_INFORMATION_FORMAT = dwarf;
				ENABLE_STRICT_OBJC_MSGSEND = YES;
				ENABLE_TESTABILITY = YES;
				ENABLE_USER_SCRIPT_SANDBOXING = YES;
				GCC_C_LANGUAGE_STANDARD = gnu17;
				GCC_DYNAMIC_NO_PIC = NO;
				GCC_NO_COMMON_BLOCKS = YES;
				GCC_OPTIMIZATION_LEVEL = 0;
				GCC_PREPROCESSOR_DEFINITIONS = (
					"DEBUG=1",
					"$(inherited)",
				);
				GCC_WARN_64_TO_32_BIT_CONVERSION = YES;
				GCC_WARN_ABOUT_RETURN_TYPE = YES_ERROR;
				GCC_WARN_UNDECLARED_SELECTOR = YES;
				GCC_WARN_UNINITIALIZED_AUTOS = YES_AGGRESSIVE;
				GCC_WARN_UNUSED_FUNCTION = YES;
				GCC_WARN_UNUSED_VARIABLE = YES;
				IPHONEOS_DEPLOYMENT_TARGET = 18.0;
				LOCALIZATION_PREFERS_STRING_CATALOGS = YES;
				MTL_ENABLE_DEBUG_INFO = INCLUDE_SOURCE;
				MTL_FAST_MATH = YES;
				ONLY_ACTIVE_ARCH = YES;
				SDKROOT = iphoneos;
				SWIFT_ACTIVE_COMPILATION_CONDITIONS = "DEBUG $(inherited)";
				SWIFT_OPTIMIZATION_LEVEL = "-Onone";
			};
			name = Debug;
		};
		DE393CC12E378667003749BF /* Release */ = {
			isa = XCBuildConfiguration;
			buildSettings = {
				ALWAYS_SEARCH_USER_PATHS = NO;
				ASSETCATALOG_COMPILER_GENERATE_SWIFT_ASSET_SYMBOL_EXTENSIONS = YES;
				CLANG_ANALYZER_NONNULL = YES;
				CLANG_ANALYZER_NUMBER_OBJECT_CONVERSION = YES_AGGRESSIVE;
				CLANG_CXX_LANGUAGE_STANDARD = "gnu++20";
				CLANG_ENABLE_MODULES = YES;
				CLANG_ENABLE_OBJC_ARC = YES;
				CLANG_ENABLE_OBJC_WEAK = YES;
				CLANG_WARN_BLOCK_CAPTURE_AUTORELEASING = YES;
				CLANG_WARN_BOOL_CONVERSION = YES;
				CLANG_WARN_COMMA = YES;
				CLANG_WARN_CONSTANT_CONVERSION = YES;
				CLANG_WARN_DEPRECATED_OBJC_IMPLEMENTATIONS = YES;
				CLANG_WARN_DIRECT_OBJC_ISA_USAGE = YES_ERROR;
				CLANG_WARN_DOCUMENTATION_COMMENTS = YES;
				CLANG_WARN_EMPTY_BODY = YES;
				CLANG_WARN_ENUM_CONVERSION = YES;
				CLANG_WARN_INFINITE_RECURSION = YES;
				CLANG_WARN_INT_CONVERSION = YES;
				CLANG_WARN_NON_LITERAL_NULL_CONVERSION = YES;
				CLANG_WARN_OBJC_IMPLICIT_RETAIN_SELF = YES;
				CLANG_WARN_OBJC_LITERAL_CONVERSION = YES;
				CLANG_WARN_OBJC_ROOT_CLASS = YES_ERROR;
				CLANG_WARN_QUOTED_INCLUDE_IN_FRAMEWORK_HEADER = YES;
				CLANG_WARN_RANGE_LOOP_ANALYSIS = YES;
				CLANG_WARN_STRICT_PROTOTYPES = YES;
				CLANG_WARN_SUSPICIOUS_MOVE = YES;
				CLANG_WARN_UNGUARDED_AVAILABILITY = YES_AGGRESSIVE;
				CLANG_WARN_UNREACHABLE_CODE = YES;
				CLANG_WARN__DUPLICATE_METHOD_MATCH = YES;
				COPY_PHASE_STRIP = NO;
				DEBUG_INFORMATION_FORMAT = "dwarf-with-dsym";
				ENABLE_NS_ASSERTIONS = NO;
				ENABLE_STRICT_OBJC_MSGSEND = YES;
				ENABLE_USER_SCRIPT_SANDBOXING = YES;
				GCC_C_LANGUAGE_STANDARD = gnu17;
				GCC_NO_COMMON_BLOCKS = YES;
				GCC_WARN_64_TO_32_BIT_CONVERSION = YES;
				GCC_WARN_ABOUT_RETURN_TYPE = YES_ERROR;
				GCC_WARN_UNDECLARED_SELECTOR = YES;
				GCC_WARN_UNINITIALIZED_AUTOS = YES_AGGRESSIVE;
				GCC_WARN_UNUSED_FUNCTION = YES;
				GCC_WARN_UNUSED_VARIABLE = YES;
				IPHONEOS_DEPLOYMENT_TARGET = 18.0;
				LOCALIZATION_PREFERS_STRING_CATALOGS = YES;
				MTL_ENABLE_DEBUG_INFO = NO;
				MTL_FAST_MATH = YES;
				SDKROOT = iphoneos;
				SWIFT_COMPILATION_MODE = wholemodule;
				VALIDATE_PRODUCT = YES;
			};
			name = Release;
		};
		DE393CC32E378667003749BF /* Debug */ = {
			isa = XCBuildConfiguration;
			buildSettings = {
				ASSETCATALOG_COMPILER_APPICON_NAME = AppIcon;
				ASSETCATALOG_COMPILER_GLOBAL_ACCENT_COLOR_NAME = AccentColor;
				CODE_SIGN_STYLE = Automatic;
				CURRENT_PROJECT_VERSION = 1;
				DEVELOPMENT_ASSET_PATHS = "\"SwiftMathTest/Preview Content\"";
				DEVELOPMENT_TEAM = BEYUXX6425;
				ENABLE_PREVIEWS = YES;
				GENERATE_INFOPLIST_FILE = YES;
				INFOPLIST_KEY_UIApplicationSceneManifest_Generation = YES;
				INFOPLIST_KEY_UIApplicationSupportsIndirectInputEvents = YES;
				INFOPLIST_KEY_UILaunchScreen_Generation = YES;
				INFOPLIST_KEY_UISupportedInterfaceOrientations_iPad = "UIInterfaceOrientationPortrait UIInterfaceOrientationPortraitUpsideDown UIInterfaceOrientationLandscapeLeft UIInterfaceOrientationLandscapeRight";
				INFOPLIST_KEY_UISupportedInterfaceOrientations_iPhone = "UIInterfaceOrientationPortrait UIInterfaceOrientationLandscapeLeft UIInterfaceOrientationLandscapeRight";
				LD_RUNPATH_SEARCH_PATHS = (
					"$(inherited)",
					"@executable_path/Frameworks",
				);
				MARKETING_VERSION = 1.0;
				PRODUCT_BUNDLE_IDENTIFIER = com.asuscomm.arkedu.SwiftMathTest;
				PRODUCT_NAME = "$(TARGET_NAME)";
				SWIFT_EMIT_LOC_STRINGS = YES;
				SWIFT_VERSION = 5.0;
				TARGETED_DEVICE_FAMILY = "1,2";
			};
			name = Debug;
		};
		DE393CC42E378667003749BF /* Release */ = {
			isa = XCBuildConfiguration;
			buildSettings = {
				ASSETCATALOG_COMPILER_APPICON_NAME = AppIcon;
				ASSETCATALOG_COMPILER_GLOBAL_ACCENT_COLOR_NAME = AccentColor;
				CODE_SIGN_STYLE = Automatic;
				CURRENT_PROJECT_VERSION = 1;
				DEVELOPMENT_ASSET_PATHS = "\"SwiftMathTest/Preview Content\"";
				DEVELOPMENT_TEAM = BEYUXX6425;
				ENABLE_PREVIEWS = YES;
				GENERATE_INFOPLIST_FILE = YES;
				INFOPLIST_KEY_UIApplicationSceneManifest_Generation = YES;
				INFOPLIST_KEY_UIApplicationSupportsIndirectInputEvents = YES;
				INFOPLIST_KEY_UILaunchScreen_Generation = YES;
				INFOPLIST_KEY_UISupportedInterfaceOrientations_iPad = "UIInterfaceOrientationPortrait UIInterfaceOrientationPortraitUpsideDown UIInterfaceOrientationLandscapeLeft UIInterfaceOrientationLandscapeRight";
				INFOPLIST_KEY_UISupportedInterfaceOrientations_iPhone = "UIInterfaceOrientationPortrait UIInterfaceOrientationLandscapeLeft UIInterfaceOrientationLandscapeRight";
				LD_RUNPATH_SEARCH_PATHS = (
					"$(inherited)",
					"@executable_path/Frameworks",
				);
				MARKETING_VERSION = 1.0;
				PRODUCT_BUNDLE_IDENTIFIER = com.asuscomm.arkedu.SwiftMathTest;
				PRODUCT_NAME = "$(TARGET_NAME)";
				SWIFT_EMIT_LOC_STRINGS = YES;
				SWIFT_VERSION = 5.0;
				TARGETED_DEVICE_FAMILY = "1,2";
			};
			name = Release;
		};
		DE393CC62E378667003749BF /* Debug */ = {
			isa = XCBuildConfiguration;
			buildSettings = {
				BUNDLE_LOADER = "$(TEST_HOST)";
				CODE_SIGN_STYLE = Automatic;
				CURRENT_PROJECT_VERSION = 1;
				DEVELOPMENT_TEAM = BEYUXX6425;
				GENERATE_INFOPLIST_FILE = YES;
				IPHONEOS_DEPLOYMENT_TARGET = 18.0;
				MARKETING_VERSION = 1.0;
				PRODUCT_BUNDLE_IDENTIFIER = com.asuscomm.arkedu.SwiftMathTestTests;
				PRODUCT_NAME = "$(TARGET_NAME)";
				SWIFT_EMIT_LOC_STRINGS = NO;
				SWIFT_VERSION = 5.0;
				TARGETED_DEVICE_FAMILY = "1,2";
				TEST_HOST = "$(BUILT_PRODUCTS_DIR)/SwiftMathTest.app/$(BUNDLE_EXECUTABLE_FOLDER_PATH)/SwiftMathTest";
			};
			name = Debug;
		};
		DE393CC72E378667003749BF /* Release */ = {
			isa = XCBuildConfiguration;
			buildSettings = {
				BUNDLE_LOADER = "$(TEST_HOST)";
				CODE_SIGN_STYLE = Automatic;
				CURRENT_PROJECT_VERSION = 1;
				DEVELOPMENT_TEAM = BEYUXX6425;
				GENERATE_INFOPLIST_FILE = YES;
				IPHONEOS_DEPLOYMENT_TARGET = 18.0;
				MARKETING_VERSION = 1.0;
				PRODUCT_BUNDLE_IDENTIFIER = com.asuscomm.arkedu.SwiftMathTestTests;
				PRODUCT_NAME = "$(TARGET_NAME)";
				SWIFT_EMIT_LOC_STRINGS = NO;
				SWIFT_VERSION = 5.0;
				TARGETED_DEVICE_FAMILY = "1,2";
				TEST_HOST = "$(BUILT_PRODUCTS_DIR)/SwiftMathTest.app/$(BUNDLE_EXECUTABLE_FOLDER_PATH)/SwiftMathTest";
			};
			name = Release;
		};
		DE393CC92E378667003749BF /* Debug */ = {
			isa = XCBuildConfiguration;
			buildSettings = {
				CODE_SIGN_STYLE = Automatic;
				CURRENT_PROJECT_VERSION = 1;
				DEVELOPMENT_TEAM = BEYUXX6425;
				GENERATE_INFOPLIST_FILE = YES;
				MARKETING_VERSION = 1.0;
				PRODUCT_BUNDLE_IDENTIFIER = com.asuscomm.arkedu.SwiftMathTestUITests;
				PRODUCT_NAME = "$(TARGET_NAME)";
				SWIFT_EMIT_LOC_STRINGS = NO;
				SWIFT_VERSION = 5.0;
				TARGETED_DEVICE_FAMILY = "1,2";
				TEST_TARGET_NAME = SwiftMathTest;
			};
			name = Debug;
		};
		DE393CCA2E378667003749BF /* Release */ = {
			isa = XCBuildConfiguration;
			buildSettings = {
				CODE_SIGN_STYLE = Automatic;
				CURRENT_PROJECT_VERSION = 1;
				DEVELOPMENT_TEAM = BEYUXX6425;
				GENERATE_INFOPLIST_FILE = YES;
				MARKETING_VERSION = 1.0;
				PRODUCT_BUNDLE_IDENTIFIER = com.asuscomm.arkedu.SwiftMathTestUITests;
				PRODUCT_NAME = "$(TARGET_NAME)";
				SWIFT_EMIT_LOC_STRINGS = NO;
				SWIFT_VERSION = 5.0;
				TARGETED_DEVICE_FAMILY = "1,2";
				TEST_TARGET_NAME = SwiftMathTest;
			};
			name = Release;
		};
/* End XCBuildConfiguration section */

/* Begin XCConfigurationList section */
		DE393C992E378666003749BF /* Build configuration list for PBXProject "SwiftMathTest" */ = {
			isa = XCConfigurationList;
			buildConfigurations = (
				DE393CC02E378667003749BF /* Debug */,
				DE393CC12E378667003749BF /* Release */,
			);
			defaultConfigurationIsVisible = 0;
			defaultConfigurationName = Release;
		};
		DE393CC22E378667003749BF /* Build configuration list for PBXNativeTarget "SwiftMathTest" */ = {
			isa = XCConfigurationList;
			buildConfigurations = (
				DE393CC32E378667003749BF /* Debug */,
				DE393CC42E378667003749BF /* Release */,
			);
			defaultConfigurationIsVisible = 0;
			defaultConfigurationName = Release;
		};
		DE393CC52E378667003749BF /* Build configuration list for PBXNativeTarget "SwiftMathTestTests" */ = {
			isa = XCConfigurationList;
			buildConfigurations = (
				DE393CC62E378667003749BF /* Debug */,
				DE393CC72E378667003749BF /* Release */,
			);
			defaultConfigurationIsVisible = 0;
			defaultConfigurationName = Release;
		};
		DE393CC82E378667003749BF /* Build configuration list for PBXNativeTarget "SwiftMathTestUITests" */ = {
			isa = XCConfigurationList;
			buildConfigurations = (
				DE393CC92E378667003749BF /* Debug */,
				DE393CCA2E378667003749BF /* Release */,
			);
			defaultConfigurationIsVisible = 0;
			defaultConfigurationName = Release;
		};
/* End XCConfigurationList section */

/* Begin XCRemoteSwiftPackageReference section */
		DE627ACC2E3BF2AF00421C85 /* XCRemoteSwiftPackageReference "SwiftMath" */ = {
			isa = XCRemoteSwiftPackageReference;
			repositoryURL = "https://github.com/wingsiu/SwiftMath";
			requirement = {
				branch = main;
				kind = branch;
			};
		};
/* End XCRemoteSwiftPackageReference section */

/* Begin XCSwiftPackageProductDependency section */
		DE627AB82E3BCA3400421C85 /* SwiftMath */ = {
			isa = XCSwiftPackageProductDependency;
			productName = SwiftMath;
		};
		DE627ABE2E3BCB2600421C85 /* SwiftMath */ = {
			isa = XCSwiftPackageProductDependency;
			productName = SwiftMath;
		};
		DE627AC12E3BCBE500421C85 /* SwiftMath */ = {
			isa = XCSwiftPackageProductDependency;
			productName = SwiftMath;
		};
		DE627AC72E3BEFD100421C85 /* SwiftMath */ = {
			isa = XCSwiftPackageProductDependency;
			productName = SwiftMath;
		};
		DE627ACD2E3BF2AF00421C85 /* SwiftMath */ = {
			isa = XCSwiftPackageProductDependency;
			package = DE627ACC2E3BF2AF00421C85 /* XCRemoteSwiftPackageReference "SwiftMath" */;
			productName = SwiftMath;
		};
/* End XCSwiftPackageProductDependency section */
	};
	rootObject = DE393C962E378666003749BF /* Project object */;
}
