{
  "originHash" : "7b059d2fd92db107ec3016fc1814dc44abb69f0373170edb69b72c0afbaba9cf",
  "pins" : [
    {
      "identity" : "swiftmath",
      "kind" : "remoteSourceControl",
      "location" : "https://github.com/wingsiu/SwiftMath",
      "state" : {
        "branch" : "main",
        "revision" : "db8939e90da71e6b9721d643138700ca29292dea"
      }
    }
  ],
  "version" : 3
}
